
Microsoft Visual Studio Solution File, Format Version 12.00
# Visual Studio Version 17
VisualStudioVersion = 17.6.33723.286
MinimumVisualStudioVersion = 10.0.40219.1
Project("{FAE04EC0-301F-11D3-BF4B-00C04F79EFBC}") = "CQRSMediatRExample", "CQRSMediatRExample\CQRSMediatRExample.csproj", "{3D8CE2FF-2127-49D5-8052-34F391DDED58}"
EndProject
Global
	GlobalSection(SolutionConfigurationPlatforms) = preSolution
		Debug|Any CPU = Debug|Any CPU
		Release|Any CPU = Release|Any CPU
	EndGlobalSection
	GlobalSection(ProjectConfigurationPlatforms) = postSolution
		{3D8CE2FF-2127-49D5-8052-34F391DDED58}.Debug|Any CPU.ActiveCfg = Debug|Any CPU
		{3D8CE2FF-2127-49D5-8052-34F391DDED58}.Debug|Any CPU.Build.0 = Debug|Any CPU
		{3D8CE2FF-2127-49D5-8052-34F391DDED58}.Release|Any CPU.ActiveCfg = Release|Any CPU
		{3D8CE2FF-2127-49D5-8052-34F391DDED58}.Release|Any CPU.Build.0 = Release|Any CPU
	EndGlobalSection
	GlobalSection(SolutionProperties) = preSolution
		HideSolutionNode = FALSE
	EndGlobalSection
	GlobalSection(ExtensibilityGlobals) = postSolution
		SolutionGuid = {D2CAC5AD-4719-4B51-A099-B03C93EAA941}
	EndGlobalSection
EndGlobal
